{
  "version": 4,
  "terraform_version": "1.15.6",
  "serial": 2,
  "lineage": "bdb94b11-80f8-2b4c-8197-6ba8c79dc58d",
  "outputs": {
    "environments": {
      "value": {
        "dev": {
          "namespace": "greeter-dev",
          "release_name": "greeter",
          "status": "deployed"
        },
        "prod": {
          "namespace": "greeter-prod",
          "release_name": "greeter",
          "status": "deployed"
        }
      },
      "type": [
        "object",
        {
          "dev": [
            "object",
            {
              "namespace": "string",
              "release_name": "string",
              "status": "string"
            }
          ],
          "prod": [
            "object",
            {
              "namespace": "string",
              "release_name": "string",
              "status": "string"
            }
          ]
        }
      ]
    }
  },
  "resources": [
    {
      "module": "module.greeter[\"dev\"]",
      "mode": "managed",
      "type": "helm_release",
      "name": "this",
      "provider": "provider[\"registry.terraform.io/hashicorp/helm\"]",
      "instances": [
        {
          "schema_version": 2,
          "attributes": {
            "atomic": true,
            "chart": "/Users/manh.ha/Documents/w3words/devops-technical-exercise/dist/greeter-0.1.0.tgz",
            "cleanup_on_fail": true,
            "create_namespace": true,
            "dependency_update": false,
            "description": null,
            "devel": null,
            "disable_crd_hooks": false,
            "disable_openapi_validation": false,
            "disable_webhooks": false,
            "force_update": false,
            "id": "greeter",
            "keyring": null,
            "lint": false,
            "manifest": null,
            "max_history": 0,
            "metadata": {
              "app_version": "dev",
              "chart": "greeter",
              "first_deployed": 1787752588,
              "last_deployed": 1787752588,
              "name": "greeter",
              "namespace": "greeter-dev",
              "notes": "",
              "revision": 1,
              "values": "{\"application\":{\"greetingName\":\"what3words Dev\",\"version\":\"exercise\"},\"replicaCount\":1,\"resources\":{\"limits\":{\"cpu\":\"100m\",\"memory\":\"64Mi\"},\"requests\":{\"cpu\":\"25m\",\"memory\":\"32Mi\"}}}",
              "version": "0.1.0"
            },
            "name": "greeter",
            "namespace": "greeter-dev",
            "pass_credentials": false,
            "postrender": null,
            "recreate_pods": false,
            "render_subchart_notes": true,
            "replace": false,
            "repository": null,
            "repository_ca_file": null,
            "repository_cert_file": null,
            "repository_key_file": null,
            "repository_password": null,
            "repository_username": null,
            "reset_values": false,
            "resources": null,
            "reuse_values": false,
            "set": null,
            "set_list": null,
            "set_sensitive": null,
            "set_wo": null,
            "set_wo_revision": null,
            "skip_crds": false,
            "status": "deployed",
            "take_ownership": false,
            "timeout": 180,
            "timeouts": null,
            "upgrade_install": false,
            "values": [
              "\"application\":\n  \"greetingName\": \"what3words Dev\"\n  \"version\": \"exercise\"\n\"replicaCount\": 1\n\"resources\":\n  \"limits\":\n    \"cpu\": \"100m\"\n    \"memory\": \"64Mi\"\n  \"requests\":\n    \"cpu\": \"25m\"\n    \"memory\": \"32Mi\"\n"
            ],
            "verify": false,
            "version": "0.1.0",
            "wait": true,
            "wait_for_jobs": false
          },
          "sensitive_attributes": [
            [
              {
                "type": "get_attr",
                "value": "repository_password"
              }
            ]
          ],
          "identity_schema_version": 0,
          "identity": {
            "namespace": "greeter-dev",
            "release_name": "greeter"
          }
        }
      ]
    },
    {
      "module": "module.greeter[\"prod\"]",
      "mode": "managed",
      "type": "helm_release",
      "name": "this",
      "provider": "provider[\"registry.terraform.io/hashicorp/helm\"]",
      "instances": [
        {
          "schema_version": 2,
          "attributes": {
            "atomic": true,
            "chart": "/Users/manh.ha/Documents/w3words/devops-technical-exercise/dist/greeter-0.1.0.tgz",
            "cleanup_on_fail": true,
            "create_namespace": true,
            "dependency_update": false,
            "description": null,
            "devel": null,
            "disable_crd_hooks": false,
            "disable_openapi_validation": false,
            "disable_webhooks": false,
            "force_update": false,
            "id": "greeter",
            "keyring": null,
            "lint": false,
            "manifest": null,
            "max_history": 0,
            "metadata": {
              "app_version": "dev",
              "chart": "greeter",
              "first_deployed": 1787752588,
              "last_deployed": 1787752588,
              "name": "greeter",
              "namespace": "greeter-prod",
              "notes": "",
              "revision": 1,
              "values": "{\"application\":{\"greetingName\":\"what3words Production\",\"version\":\"exercise\"},\"replicaCount\":2,\"resources\":{\"limits\":{\"cpu\":\"250m\",\"memory\":\"128Mi\"},\"requests\":{\"cpu\":\"50m\",\"memory\":\"64Mi\"}}}",
              "version": "0.1.0"
            },
            "name": "greeter",
            "namespace": "greeter-prod",
            "pass_credentials": false,
            "postrender": null,
            "recreate_pods": false,
            "render_subchart_notes": true,
            "replace": false,
            "repository": null,
            "repository_ca_file": null,
            "repository_cert_file": null,
            "repository_key_file": null,
            "repository_password": null,
            "repository_username": null,
            "reset_values": false,
            "resources": null,
            "reuse_values": false,
            "set": null,
            "set_list": null,
            "set_sensitive": null,
            "set_wo": null,
            "set_wo_revision": null,
            "skip_crds": false,
            "status": "deployed",
            "take_ownership": false,
            "timeout": 180,
            "timeouts": null,
            "upgrade_install": false,
            "values": [
              "\"application\":\n  \"greetingName\": \"what3words Production\"\n  \"version\": \"exercise\"\n\"replicaCount\": 2\n\"resources\":\n  \"limits\":\n    \"cpu\": \"250m\"\n    \"memory\": \"128Mi\"\n  \"requests\":\n    \"cpu\": \"50m\"\n    \"memory\": \"64Mi\"\n"
            ],
            "verify": false,
            "version": "0.1.0",
            "wait": true,
            "wait_for_jobs": false
          },
          "sensitive_attributes": [
            [
              {
                "type": "get_attr",
                "value": "repository_password"
              }
            ]
          ],
          "identity_schema_version": 0,
          "identity": {
            "namespace": "greeter-prod",
            "release_name": "greeter"
          }
        }
      ]
    }
  ],
  "check_results": [
    {
      "object_kind": "var",
      "config_addr": "module.greeter.var.greeting_name",
      "status": "pass",
      "objects": [
        {
          "object_addr": "module.greeter[\"prod\"].var.greeting_name",
          "status": "pass"
        },
        {
          "object_addr": "module.greeter[\"dev\"].var.greeting_name",
          "status": "pass"
        }
      ]
    },
    {
      "object_kind": "var",
      "config_addr": "module.greeter.var.replica_count",
      "status": "pass",
      "objects": [
        {
          "object_addr": "module.greeter[\"dev\"].var.replica_count",
          "status": "pass"
        },
        {
          "object_addr": "module.greeter[\"prod\"].var.replica_count",
          "status": "pass"
        }
      ]
    },
    {
      "object_kind": "var",
      "config_addr": "var.environments",
      "status": "pass",
      "objects": [
        {
          "object_addr": "var.environments",
          "status": "pass"
        }
      ]
    }
  ]
}
